
Microsoft Visual Studio Solution File, Format Version 12.00
# Visual Studio Version 16
VisualStudioVersion = 16.0.31624.102
MinimumVisualStudioVersion = 10.0.40219.1
Project("{9A19103F-16F7-4668-BE54-9A1E7A4F7556}") = "LetterFrequency", "LetterFrequency.csproj", "{3CCC0663-FEC4-4B00-9160-3AE6DD2ACAA0}"
EndProject
Project("{FAE04EC0-301F-11D3-BF4B-00C04F79EFBC}") = "LetterFrequencyTest", "..\LetterFrequencyTest\LetterFrequencyTest.csproj", "{ECC7F678-8061-4ECC-9BF7-1F0E3D511979}"
EndProject
Global
	GlobalSection(SolutionConfigurationPlatforms) = preSolution
		Debug|Any CPU = Debug|Any CPU
		Release|Any CPU = Release|Any CPU
	EndGlobalSection
	GlobalSection(ProjectConfigurationPlatforms) = postSolution
		{3CCC0663-FEC4-4B00-9160-3AE6DD2ACAA0}.Debug|Any CPU.ActiveCfg = Debug|Any CPU
		{3CCC0663-FEC4-4B00-9160-3AE6DD2ACAA0}.Debug|Any CPU.Build.0 = Debug|Any CPU
		{3CCC0663-FEC4-4B00-9160-3AE6DD2ACAA0}.Release|Any CPU.ActiveCfg = Release|Any CPU
		{3CCC0663-FEC4-4B00-9160-3AE6DD2ACAA0}.Release|Any CPU.Build.0 = Release|Any CPU
		{ECC7F678-8061-4ECC-9BF7-1F0E3D511979}.Debug|Any CPU.ActiveCfg = Debug|Any CPU
		{ECC7F678-8061-4ECC-9BF7-1F0E3D511979}.Debug|Any CPU.Build.0 = Debug|Any CPU
		{ECC7F678-8061-4ECC-9BF7-1F0E3D511979}.Release|Any CPU.ActiveCfg = Release|Any CPU
		{ECC7F678-8061-4ECC-9BF7-1F0E3D511979}.Release|Any CPU.Build.0 = Release|Any CPU
	EndGlobalSection
	GlobalSection(SolutionProperties) = preSolution
		HideSolutionNode = FALSE
	EndGlobalSection
	GlobalSection(ExtensibilityGlobals) = postSolution
		SolutionGuid = {ED3F210E-A1BD-46B2-97BB-417DDD824580}
	EndGlobalSection
EndGlobal
